
Microsoft Visual Studio Solution File, Format Version 12.00
# Visual Studio Version 17
VisualStudioVersion = 17.13.35919.96 d17.13
MinimumVisualStudioVersion = 10.0.40219.1
Project("{FAE04EC0-301F-11D3-BF4B-00C04F79EFBC}") = "API.Movies", "API.Movies\API.Movies.csproj", "{4CAF32EA-A832-4213-A9B7-5354985CD086}"
EndProject
Global
	GlobalSection(SolutionConfigurationPlatforms) = preSolution
		Debug|Any CPU = Debug|Any CPU
		Release|Any CPU = Release|Any CPU
	EndGlobalSection
	GlobalSection(ProjectConfigurationPlatforms) = postSolution
		{4CAF32EA-A832-4213-A9B7-5354985CD086}.Debug|Any CPU.ActiveCfg = Debug|Any CPU
		{4CAF32EA-A832-4213-A9B7-5354985CD086}.Debug|Any CPU.Build.0 = Debug|Any CPU
		{4CAF32EA-A832-4213-A9B7-5354985CD086}.Release|Any CPU.ActiveCfg = Release|Any CPU
		{4CAF32EA-A832-4213-A9B7-5354985CD086}.Release|Any CPU.Build.0 = Release|Any CPU
	EndGlobalSection
	GlobalSection(SolutionProperties) = preSolution
		HideSolutionNode = FALSE
	EndGlobalSection
	GlobalSection(ExtensibilityGlobals) = postSolution
		SolutionGuid = {D6593F6D-56B2-4CF5-9C8A-ADE2D466F4F9}
	EndGlobalSection
EndGlobal
